
Microsoft Visual Studio Solution File, Format Version 12.00
# Visual Studio Version 16
VisualStudioVersion = 16.0.29123.88
MinimumVisualStudioVersion = 10.0.40219.1
Project("{FAE04EC0-301F-11D3-BF4B-00C04F79EFBC}") = "Module 2", "Module 2\Module 2.csproj", "{1AAA02F8-6B8A-4554-A6BB-70574A59DA1D}"
EndProject
Global
	GlobalSection(SolutionConfigurationPlatforms) = preSolution
		Debug|Any CPU = Debug|Any CPU
		Release|Any CPU = Release|Any CPU
	EndGlobalSection
	GlobalSection(ProjectConfigurationPlatforms) = postSolution
		{1AAA02F8-6B8A-4554-A6BB-70574A59DA1D}.Debug|Any CPU.ActiveCfg = Debug|Any CPU
		{1AAA02F8-6B8A-4554-A6BB-70574A59DA1D}.Debug|Any CPU.Build.0 = Debug|Any CPU
		{1AAA02F8-6B8A-4554-A6BB-70574A59DA1D}.Release|Any CPU.ActiveCfg = Release|Any CPU
		{1AAA02F8-6B8A-4554-A6BB-70574A59DA1D}.Release|Any CPU.Build.0 = Release|Any CPU
	EndGlobalSection
	GlobalSection(SolutionProperties) = preSolution
		HideSolutionNode = FALSE
	EndGlobalSection
	GlobalSection(ExtensibilityGlobals) = postSolution
		SolutionGuid = {F672D61D-0025-4484-AF34-2FB71C0C2B3F}
	EndGlobalSection
EndGlobal
