
Microsoft Visual Studio Solution File, Format Version 12.00
# Visual Studio Version 16
VisualStudioVersion = 16.0.29209.62
MinimumVisualStudioVersion = 10.0.40219.1
Project("{9A19103F-16F7-4668-BE54-9A1E7A4F7556}") = "CodeFirstMigrationas", "CodeFirstMigrationas\CodeFirstMigrationas.csproj", "{E8A4BFE9-A339-4E0D-B367-B9DBA1BB3296}"
EndProject
Project("{9A19103F-16F7-4668-BE54-9A1E7A4F7556}") = "EFDatabaseFirst", "EFDatabaseFirst\EFDatabaseFirst.csproj", "{24AFC34B-11E7-4466-A2CC-F16BFBE51A4F}"
EndProject
Project("{9A19103F-16F7-4668-BE54-9A1E7A4F7556}") = "DapperORM", "DapperORM\DapperORM.csproj", "{42F210DD-0C70-443E-A96D-58AB53072106}"
EndProject
Global
	GlobalSection(SolutionConfigurationPlatforms) = preSolution
		Debug|Any CPU = Debug|Any CPU
		Release|Any CPU = Release|Any CPU
	EndGlobalSection
	GlobalSection(ProjectConfigurationPlatforms) = postSolution
		{E8A4BFE9-A339-4E0D-B367-B9DBA1BB3296}.Debug|Any CPU.ActiveCfg = Debug|Any CPU
		{E8A4BFE9-A339-4E0D-B367-B9DBA1BB3296}.Debug|Any CPU.Build.0 = Debug|Any CPU
		{E8A4BFE9-A339-4E0D-B367-B9DBA1BB3296}.Release|Any CPU.ActiveCfg = Release|Any CPU
		{E8A4BFE9-A339-4E0D-B367-B9DBA1BB3296}.Release|Any CPU.Build.0 = Release|Any CPU
		{24AFC34B-11E7-4466-A2CC-F16BFBE51A4F}.Debug|Any CPU.ActiveCfg = Debug|Any CPU
		{24AFC34B-11E7-4466-A2CC-F16BFBE51A4F}.Debug|Any CPU.Build.0 = Debug|Any CPU
		{24AFC34B-11E7-4466-A2CC-F16BFBE51A4F}.Release|Any CPU.ActiveCfg = Release|Any CPU
		{24AFC34B-11E7-4466-A2CC-F16BFBE51A4F}.Release|Any CPU.Build.0 = Release|Any CPU
		{42F210DD-0C70-443E-A96D-58AB53072106}.Debug|Any CPU.ActiveCfg = Debug|Any CPU
		{42F210DD-0C70-443E-A96D-58AB53072106}.Debug|Any CPU.Build.0 = Debug|Any CPU
		{42F210DD-0C70-443E-A96D-58AB53072106}.Release|Any CPU.ActiveCfg = Release|Any CPU
		{42F210DD-0C70-443E-A96D-58AB53072106}.Release|Any CPU.Build.0 = Release|Any CPU
	EndGlobalSection
	GlobalSection(SolutionProperties) = preSolution
		HideSolutionNode = FALSE
	EndGlobalSection
	GlobalSection(ExtensibilityGlobals) = postSolution
		SolutionGuid = {B5EC13B1-B684-4744-84DD-C69ACABC95AC}
	EndGlobalSection
EndGlobal
