
Microsoft Visual Studio Solution File, Format Version 12.00
# Visual Studio Version 16
VisualStudioVersion = 16.0.29123.88
MinimumVisualStudioVersion = 10.0.40219.1
Project("{9A19103F-16F7-4668-BE54-9A1E7A4F7556}") = "BasicExercises", "BasicExercises\BasicExercises.csproj", "{62B663A3-C67E-4811-B190-5576DF164699}"
EndProject
Project("{9A19103F-16F7-4668-BE54-9A1E7A4F7556}") = "ObjectOrientedProgramming", "ObjectOrientedProgramming\ObjectOrientedProgramming.csproj", "{64F3C77D-368E-41E4-9A5B-21C445580F6E}"
EndProject
Project("{9A19103F-16F7-4668-BE54-9A1E7A4F7556}") = "DataStructures", "DataStructures\DataStructures.csproj", "{4902EDA5-AE06-452A-8367-40E61FDA2627}"
EndProject
Project("{FAE04EC0-301F-11D3-BF4B-00C04F79EFBC}") = "MSTest", "MSTest\MSTest.csproj", "{CEAD3749-82A0-4EB2-8FD8-800F9266102B}"
EndProject
Project("{FAE04EC0-301F-11D3-BF4B-00C04F79EFBC}") = "XUnitTest", "XUnitTest\XUnitTest.csproj", "{CC4BBC66-0B57-48C4-B5C7-D18A794DB4BE}"
EndProject
Project("{FAE04EC0-301F-11D3-BF4B-00C04F79EFBC}") = "NUnitTest", "NUnitTest\NUnitTest.csproj", "{6846C7E8-6A3E-43F4-8A36-2495F2D0BD12}"
EndProject
Project("{9A19103F-16F7-4668-BE54-9A1E7A4F7556}") = "FileIO", "FileIO\FileIO.csproj", "{C8FFA861-5EA0-4CE0-A292-E0DD6A96C3BF}"
EndProject
Project("{9A19103F-16F7-4668-BE54-9A1E7A4F7556}") = "Exam", "Exam\Exam.csproj", "{8355ACA4-7F3B-47DA-8E9D-033C02579A20}"
EndProject
Project("{FAE04EC0-301F-11D3-BF4B-00C04F79EFBC}") = "Exam2", "Exam2\Exam2.csproj", "{4B5C671F-9780-4B1E-A2AA-C9A9E2C395DB}"
EndProject
Global
	GlobalSection(SolutionConfigurationPlatforms) = preSolution
		Debug|Any CPU = Debug|Any CPU
		Release|Any CPU = Release|Any CPU
	EndGlobalSection
	GlobalSection(ProjectConfigurationPlatforms) = postSolution
		{62B663A3-C67E-4811-B190-5576DF164699}.Debug|Any CPU.ActiveCfg = Debug|Any CPU
		{62B663A3-C67E-4811-B190-5576DF164699}.Debug|Any CPU.Build.0 = Debug|Any CPU
		{62B663A3-C67E-4811-B190-5576DF164699}.Release|Any CPU.ActiveCfg = Release|Any CPU
		{62B663A3-C67E-4811-B190-5576DF164699}.Release|Any CPU.Build.0 = Release|Any CPU
		{64F3C77D-368E-41E4-9A5B-21C445580F6E}.Debug|Any CPU.ActiveCfg = Debug|Any CPU
		{64F3C77D-368E-41E4-9A5B-21C445580F6E}.Debug|Any CPU.Build.0 = Debug|Any CPU
		{64F3C77D-368E-41E4-9A5B-21C445580F6E}.Release|Any CPU.ActiveCfg = Release|Any CPU
		{64F3C77D-368E-41E4-9A5B-21C445580F6E}.Release|Any CPU.Build.0 = Release|Any CPU
		{4902EDA5-AE06-452A-8367-40E61FDA2627}.Debug|Any CPU.ActiveCfg = Debug|Any CPU
		{4902EDA5-AE06-452A-8367-40E61FDA2627}.Debug|Any CPU.Build.0 = Debug|Any CPU
		{4902EDA5-AE06-452A-8367-40E61FDA2627}.Release|Any CPU.ActiveCfg = Release|Any CPU
		{4902EDA5-AE06-452A-8367-40E61FDA2627}.Release|Any CPU.Build.0 = Release|Any CPU
		{CEAD3749-82A0-4EB2-8FD8-800F9266102B}.Debug|Any CPU.ActiveCfg = Debug|Any CPU
		{CEAD3749-82A0-4EB2-8FD8-800F9266102B}.Debug|Any CPU.Build.0 = Debug|Any CPU
		{CEAD3749-82A0-4EB2-8FD8-800F9266102B}.Release|Any CPU.ActiveCfg = Release|Any CPU
		{CEAD3749-82A0-4EB2-8FD8-800F9266102B}.Release|Any CPU.Build.0 = Release|Any CPU
		{CC4BBC66-0B57-48C4-B5C7-D18A794DB4BE}.Debug|Any CPU.ActiveCfg = Debug|Any CPU
		{CC4BBC66-0B57-48C4-B5C7-D18A794DB4BE}.Debug|Any CPU.Build.0 = Debug|Any CPU
		{CC4BBC66-0B57-48C4-B5C7-D18A794DB4BE}.Release|Any CPU.ActiveCfg = Release|Any CPU
		{CC4BBC66-0B57-48C4-B5C7-D18A794DB4BE}.Release|Any CPU.Build.0 = Release|Any CPU
		{6846C7E8-6A3E-43F4-8A36-2495F2D0BD12}.Debug|Any CPU.ActiveCfg = Debug|Any CPU
		{6846C7E8-6A3E-43F4-8A36-2495F2D0BD12}.Debug|Any CPU.Build.0 = Debug|Any CPU
		{6846C7E8-6A3E-43F4-8A36-2495F2D0BD12}.Release|Any CPU.ActiveCfg = Release|Any CPU
		{6846C7E8-6A3E-43F4-8A36-2495F2D0BD12}.Release|Any CPU.Build.0 = Release|Any CPU
		{C8FFA861-5EA0-4CE0-A292-E0DD6A96C3BF}.Debug|Any CPU.ActiveCfg = Debug|Any CPU
		{C8FFA861-5EA0-4CE0-A292-E0DD6A96C3BF}.Debug|Any CPU.Build.0 = Debug|Any CPU
		{C8FFA861-5EA0-4CE0-A292-E0DD6A96C3BF}.Release|Any CPU.ActiveCfg = Release|Any CPU
		{C8FFA861-5EA0-4CE0-A292-E0DD6A96C3BF}.Release|Any CPU.Build.0 = Release|Any CPU
		{8355ACA4-7F3B-47DA-8E9D-033C02579A20}.Debug|Any CPU.ActiveCfg = Debug|Any CPU
		{8355ACA4-7F3B-47DA-8E9D-033C02579A20}.Debug|Any CPU.Build.0 = Debug|Any CPU
		{8355ACA4-7F3B-47DA-8E9D-033C02579A20}.Release|Any CPU.ActiveCfg = Release|Any CPU
		{8355ACA4-7F3B-47DA-8E9D-033C02579A20}.Release|Any CPU.Build.0 = Release|Any CPU
		{4B5C671F-9780-4B1E-A2AA-C9A9E2C395DB}.Debug|Any CPU.ActiveCfg = Debug|Any CPU
		{4B5C671F-9780-4B1E-A2AA-C9A9E2C395DB}.Debug|Any CPU.Build.0 = Debug|Any CPU
		{4B5C671F-9780-4B1E-A2AA-C9A9E2C395DB}.Release|Any CPU.ActiveCfg = Release|Any CPU
		{4B5C671F-9780-4B1E-A2AA-C9A9E2C395DB}.Release|Any CPU.Build.0 = Release|Any CPU
	EndGlobalSection
	GlobalSection(SolutionProperties) = preSolution
		HideSolutionNode = FALSE
	EndGlobalSection
	GlobalSection(ExtensibilityGlobals) = postSolution
		SolutionGuid = {E8CEB1D2-DE04-416E-BA3B-C4ADC3738FED}
	EndGlobalSection
EndGlobal
