
Microsoft Visual Studio Solution File, Format Version 12.00
# Visual Studio Version 16
VisualStudioVersion = 16.0.29418.71
MinimumVisualStudioVersion = 10.0.40219.1
Project("{FAE04EC0-301F-11D3-BF4B-00C04F79EFBC}") = "UsingAJAX", "UsingAJAX\UsingAJAX.csproj", "{D44B1B91-843F-43BE-A19A-980827A5EB57}"
EndProject
Global
	GlobalSection(SolutionConfigurationPlatforms) = preSolution
		Debug|Any CPU = Debug|Any CPU
		Release|Any CPU = Release|Any CPU
	EndGlobalSection
	GlobalSection(ProjectConfigurationPlatforms) = postSolution
		{D44B1B91-843F-43BE-A19A-980827A5EB57}.Debug|Any CPU.ActiveCfg = Debug|Any CPU
		{D44B1B91-843F-43BE-A19A-980827A5EB57}.Debug|Any CPU.Build.0 = Debug|Any CPU
		{D44B1B91-843F-43BE-A19A-980827A5EB57}.Release|Any CPU.ActiveCfg = Release|Any CPU
		{D44B1B91-843F-43BE-A19A-980827A5EB57}.Release|Any CPU.Build.0 = Release|Any CPU
	EndGlobalSection
	GlobalSection(SolutionProperties) = preSolution
		HideSolutionNode = FALSE
	EndGlobalSection
	GlobalSection(ExtensibilityGlobals) = postSolution
		SolutionGuid = {4EAAC8C6-0AAA-48D3-A37A-D3C3DA1D7E2E}
	EndGlobalSection
EndGlobal
